
Microsoft Visual Studio Solution File, Format Version 12.00
# Visual Studio Version 17
VisualStudioVersion = 17.8.34309.116
MinimumVisualStudioVersion = 10.0.40219.1
Project("{FAE04EC0-301F-11D3-BF4B-00C04F79EFBC}") = "DragonBallAPI.Core", "DragonBallAPI.Core\DragonBallAPI.Core.csproj", "{84D04345-4348-4472-BA92-C4F8F3BC40C7}"
EndProject
Project("{FAE04EC0-301F-11D3-BF4B-00C04F79EFBC}") = "DragonBallAPI.Infrastructure", "DragonBallAPI.Infrastructure\DragonBallAPI.Infrastructure.csproj", "{69A719E1-411D-4F72-B1D3-BEC7D362C4D1}"
EndProject
Project("{FAE04EC0-301F-11D3-BF4B-00C04F79EFBC}") = "DragonBallAPI.Application", "DragonBallAPI.Application\DragonBallAPI.Application.csproj", "{52BEB1A8-44F5-45A7-9092-6E44B223704F}"
EndProject
Project("{FAE04EC0-301F-11D3-BF4B-00C04F79EFBC}") = "DragonBallAPI.Api", "DragonBallAPI.Api\DragonBallAPI.Api.csproj", "{6A5DFE82-8298-40A3-A7A1-3BBDC95A5303}"
EndProject
Global
	GlobalSection(SolutionConfigurationPlatforms) = preSolution
		Debug|Any CPU = Debug|Any CPU
		Release|Any CPU = Release|Any CPU
	EndGlobalSection
	GlobalSection(ProjectConfigurationPlatforms) = postSolution
		{84D04345-4348-4472-BA92-C4F8F3BC40C7}.Debug|Any CPU.ActiveCfg = Debug|Any CPU
		{84D04345-4348-4472-BA92-C4F8F3BC40C7}.Debug|Any CPU.Build.0 = Debug|Any CPU
		{84D04345-4348-4472-BA92-C4F8F3BC40C7}.Release|Any CPU.ActiveCfg = Release|Any CPU
		{84D04345-4348-4472-BA92-C4F8F3BC40C7}.Release|Any CPU.Build.0 = Release|Any CPU
		{69A719E1-411D-4F72-B1D3-BEC7D362C4D1}.Debug|Any CPU.ActiveCfg = Debug|Any CPU
		{69A719E1-411D-4F72-B1D3-BEC7D362C4D1}.Debug|Any CPU.Build.0 = Debug|Any CPU
		{69A719E1-411D-4F72-B1D3-BEC7D362C4D1}.Release|Any CPU.ActiveCfg = Release|Any CPU
		{69A719E1-411D-4F72-B1D3-BEC7D362C4D1}.Release|Any CPU.Build.0 = Release|Any CPU
		{52BEB1A8-44F5-45A7-9092-6E44B223704F}.Debug|Any CPU.ActiveCfg = Debug|Any CPU
		{52BEB1A8-44F5-45A7-9092-6E44B223704F}.Debug|Any CPU.Build.0 = Debug|Any CPU
		{52BEB1A8-44F5-45A7-9092-6E44B223704F}.Release|Any CPU.ActiveCfg = Release|Any CPU
		{52BEB1A8-44F5-45A7-9092-6E44B223704F}.Release|Any CPU.Build.0 = Release|Any CPU
		{6A5DFE82-8298-40A3-A7A1-3BBDC95A5303}.Debug|Any CPU.ActiveCfg = Debug|Any CPU
		{6A5DFE82-8298-40A3-A7A1-3BBDC95A5303}.Debug|Any CPU.Build.0 = Debug|Any CPU
		{6A5DFE82-8298-40A3-A7A1-3BBDC95A5303}.Release|Any CPU.ActiveCfg = Release|Any CPU
		{6A5DFE82-8298-40A3-A7A1-3BBDC95A5303}.Release|Any CPU.Build.0 = Release|Any CPU
	EndGlobalSection
	GlobalSection(SolutionProperties) = preSolution
		HideSolutionNode = FALSE
	EndGlobalSection
	GlobalSection(ExtensibilityGlobals) = postSolution
		SolutionGuid = {251BFEB0-C786-4960-B798-7A0252BA15FD}
	EndGlobalSection
EndGlobal
